
Microsoft Visual Studio Solution File, Format Version 12.00
# Visual Studio 15
VisualStudioVersion = 15.0.27130.2027
MinimumVisualStudioVersion = 10.0.40219.1
Project("{FAE04EC0-301F-11D3-BF4B-00C04F79EFBC}") = "MatematicaLibrary", "MatematicaLibrary\MatematicaLibrary.csproj", "{71CF096C-CB03-44AD-A3C6-5778A85D052B}"
EndProject
Project("{FAE04EC0-301F-11D3-BF4B-00C04F79EFBC}") = "MatematicaLibrary.Test", "MatematicaLibrary.Test\MatematicaLibrary.Test.csproj", "{5B2411C0-DDAF-400A-B492-E58DDF86BC19}"
EndProject
Global
	GlobalSection(SolutionConfigurationPlatforms) = preSolution
		Debug|Any CPU = Debug|Any CPU
		Release|Any CPU = Release|Any CPU
	EndGlobalSection
	GlobalSection(ProjectConfigurationPlatforms) = postSolution
		{71CF096C-CB03-44AD-A3C6-5778A85D052B}.Debug|Any CPU.ActiveCfg = Debug|Any CPU
		{71CF096C-CB03-44AD-A3C6-5778A85D052B}.Debug|Any CPU.Build.0 = Debug|Any CPU
		{71CF096C-CB03-44AD-A3C6-5778A85D052B}.Release|Any CPU.ActiveCfg = Release|Any CPU
		{71CF096C-CB03-44AD-A3C6-5778A85D052B}.Release|Any CPU.Build.0 = Release|Any CPU
		{5B2411C0-DDAF-400A-B492-E58DDF86BC19}.Debug|Any CPU.ActiveCfg = Debug|Any CPU
		{5B2411C0-DDAF-400A-B492-E58DDF86BC19}.Debug|Any CPU.Build.0 = Debug|Any CPU
		{5B2411C0-DDAF-400A-B492-E58DDF86BC19}.Release|Any CPU.ActiveCfg = Release|Any CPU
		{5B2411C0-DDAF-400A-B492-E58DDF86BC19}.Release|Any CPU.Build.0 = Release|Any CPU
	EndGlobalSection
	GlobalSection(SolutionProperties) = preSolution
		HideSolutionNode = FALSE
	EndGlobalSection
	GlobalSection(ExtensibilityGlobals) = postSolution
		SolutionGuid = {63F2AA79-FF3F-4E7B-82F1-D5C6F034D7DA}
	EndGlobalSection
EndGlobal
